// !$*UTF8*$!
{
	archiveVersion = 1;
	classes = {
	};
	objectVersion = 46;
	objects = {

/* Begin PBXBuildFile section */
		071AC69BA55A0C9C98B71C70 /* Pods_swiftStyle.framework in Frameworks */ = {isa = PBXBuildFile; fileRef = B5961BF28FD31396B31B2DA2 /* Pods_swiftStyle.framework */; };
		F338C7551DE9914800F73FE3 /* NetStoreViewController.swift in Sources */ = {isa = PBXBuildFile; fileRef = F338C7531DE9914800F73FE3 /* NetStoreViewController.swift */; };
		F338C7581DE9915E00F73FE3 /* CoreViewController.swift in Sources */ = {isa = PBXBuildFile; fileRef = F338C7571DE9915E00F73FE3 /* CoreViewController.swift */; };
		F338C75A1DE991AF00F73FE3 /* HttpClient.swift in Sources */ = {isa = PBXBuildFile; fileRef = F338C7591DE991AF00F73FE3 /* HttpClient.swift */; };
		F338C75C1DE99EF400F73FE3 /* APIService.swift in Sources */ = {isa = PBXBuildFile; fileRef = F338C75B1DE99EF400F73FE3 /* APIService.swift */; };
		F338C7681DED8B1700F73FE3 /* LoopViewController.swift in Sources */ = {isa = PBXBuildFile; fileRef = F338C7671DED8B1700F73FE3 /* LoopViewController.swift */; };
		F338C76A1DED993A00F73FE3 /* LoopCollectionViewCell.swift in Sources */ = {isa = PBXBuildFile; fileRef = F338C7691DED993A00F73FE3 /* LoopCollectionViewCell.swift */; };
		F338C7771DEEB28E00F73FE3 /* 0.png in Resources */ = {isa = PBXBuildFile; fileRef = F338C76C1DEEB28E00F73FE3 /* 0.png */; };
		F338C7781DEEB28E00F73FE3 /* 1.png in Resources */ = {isa = PBXBuildFile; fileRef = F338C76D1DEEB28E00F73FE3 /* 1.png */; };
		F338C7791DEEB28E00F73FE3 /* 2.png in Resources */ = {isa = PBXBuildFile; fileRef = F338C76E1DEEB28E00F73FE3 /* 2.png */; };
		F338C77A1DEEB28E00F73FE3 /* 3.png in Resources */ = {isa = PBXBuildFile; fileRef = F338C76F1DEEB28E00F73FE3 /* 3.png */; };
		F338C77B1DEEB28E00F73FE3 /* 4.png in Resources */ = {isa = PBXBuildFile; fileRef = F338C7701DEEB28E00F73FE3 /* 4.png */; };
		F338C77C1DEEB28E00F73FE3 /* 5.png in Resources */ = {isa = PBXBuildFile; fileRef = F338C7711DEEB28E00F73FE3 /* 5.png */; };
		F338C77D1DEEB28E00F73FE3 /* 6.png in Resources */ = {isa = PBXBuildFile; fileRef = F338C7721DEEB28E00F73FE3 /* 6.png */; };
		F338C77E1DEEB28E00F73FE3 /* 7.png in Resources */ = {isa = PBXBuildFile; fileRef = F338C7731DEEB28E00F73FE3 /* 7.png */; };
		F338C77F1DEEB28E00F73FE3 /* 8.png in Resources */ = {isa = PBXBuildFile; fileRef = F338C7741DEEB28E00F73FE3 /* 8.png */; };
		F338C7801DEEB28E00F73FE3 /* 9.png in Resources */ = {isa = PBXBuildFile; fileRef = F338C7751DEEB28E00F73FE3 /* 9.png */; };
		F338C7811DEEB28E00F73FE3 /* 10.png in Resources */ = {isa = PBXBuildFile; fileRef = F338C7761DEEB28E00F73FE3 /* 10.png */; };
		F338C7831DEEBD1000F73FE3 /* LineLayout.swift in Sources */ = {isa = PBXBuildFile; fileRef = F338C7821DEEBD1000F73FE3 /* LineLayout.swift */; };
		F338C7851DF058C900F73FE3 /* PageViewController.swift in Sources */ = {isa = PBXBuildFile; fileRef = F338C7841DF058C900F73FE3 /* PageViewController.swift */; };
		F338C8E41DF68C2B00F73FE3 /* LayoutViewController.swift in Sources */ = {isa = PBXBuildFile; fileRef = F338C8E01DF68C2B00F73FE3 /* LayoutViewController.swift */; };
		F338C8E51DF68C2B00F73FE3 /* MenuContainerView.swift in Sources */ = {isa = PBXBuildFile; fileRef = F338C8E21DF68C2B00F73FE3 /* MenuContainerView.swift */; };
		F338C8E61DF68C2B00F73FE3 /* MenuController.swift in Sources */ = {isa = PBXBuildFile; fileRef = F338C8E31DF68C2B00F73FE3 /* MenuController.swift */; };
		F338C8EC1DF68C3400F73FE3 /* BeautyController.swift in Sources */ = {isa = PBXBuildFile; fileRef = F338C8E81DF68C3400F73FE3 /* BeautyController.swift */; };
		F338C8ED1DF68C3400F73FE3 /* GPUImageBlurController.swift in Sources */ = {isa = PBXBuildFile; fileRef = F338C8E91DF68C3400F73FE3 /* GPUImageBlurController.swift */; };
		F338C8EE1DF68C3400F73FE3 /* GPUViewController.swift in Sources */ = {isa = PBXBuildFile; fileRef = F338C8EA1DF68C3400F73FE3 /* GPUViewController.swift */; };
		F338C8EF1DF68C3400F73FE3 /* ImageBlurController.swift in Sources */ = {isa = PBXBuildFile; fileRef = F338C8EB1DF68C3400F73FE3 /* ImageBlurController.swift */; };
		F338C8F11DF68F6100F73FE3 /* EmptyDataView.swift in Sources */ = {isa = PBXBuildFile; fileRef = F338C8F01DF68F6100F73FE3 /* EmptyDataView.swift */; };
		F338C8F41DF69D1A00F73FE3 /* empty.png in Resources */ = {isa = PBXBuildFile; fileRef = F338C8F31DF69D1A00F73FE3 /* empty.png */; };
		F338C8F61DF6A30900F73FE3 /* IGTableView.swift in Sources */ = {isa = PBXBuildFile; fileRef = F338C8F51DF6A30900F73FE3 /* IGTableView.swift */; };
		F338C8F81DFAABCE00F73FE3 /* Core.swift in Sources */ = {isa = PBXBuildFile; fileRef = F338C8F71DFAABCE00F73FE3 /* Core.swift */; };
		F338C8FA1DFAB62E00F73FE3 /* CoreExtensions.swift in Sources */ = {isa = PBXBuildFile; fileRef = F338C8F91DFAB62E00F73FE3 /* CoreExtensions.swift */; };
		F34E94731DDF3BB000E556BA /* WkWebViewController.swift in Sources */ = {isa = PBXBuildFile; fileRef = F34E94721DDF3BB000E556BA /* WkWebViewController.swift */; };
		F34E94781DE09C6C00E556BA /* ExampleApp.html in Resources */ = {isa = PBXBuildFile; fileRef = F34E94771DE09C6C00E556BA /* ExampleApp.html */; };
		F34E947A1DE0C0FD00E556BA /* injection.js in Resources */ = {isa = PBXBuildFile; fileRef = F34E94791DE0C0FD00E556BA /* injection.js */; };
		F34E947F1DE1E7A500E556BA /* TableRefreshViewController.swift in Sources */ = {isa = PBXBuildFile; fileRef = F34E947E1DE1E7A500E556BA /* TableRefreshViewController.swift */; };
		F366B14D1DE421DF0079C169 /* BaseViewController.swift in Sources */ = {isa = PBXBuildFile; fileRef = F366B14C1DE421DF0079C169 /* BaseViewController.swift */; };
		F366B14F1DE424770079C169 /* BaseRefreshCtrl.swift in Sources */ = {isa = PBXBuildFile; fileRef = F366B14E1DE424770079C169 /* BaseRefreshCtrl.swift */; };
		F366B1511DE431BB0079C169 /* DefaultRefreshCtrl.swift in Sources */ = {isa = PBXBuildFile; fileRef = F366B1501DE431BB0079C169 /* DefaultRefreshCtrl.swift */; };
		F366B1531DE43A310079C169 /* RefreshHeader.swift in Sources */ = {isa = PBXBuildFile; fileRef = F366B1521DE43A310079C169 /* RefreshHeader.swift */; };
		F366B1551DE572B70079C169 /* LoadMoreCtrl.swift in Sources */ = {isa = PBXBuildFile; fileRef = F366B1541DE572B70079C169 /* LoadMoreCtrl.swift */; };
		F366B15B1DE738ED0079C169 /* FeedViewController.swift in Sources */ = {isa = PBXBuildFile; fileRef = F366B15A1DE738ED0079C169 /* FeedViewController.swift */; };
		F366B15F1DE73A720079C169 /* FeedCell.swift in Sources */ = {isa = PBXBuildFile; fileRef = F366B15E1DE73A720079C169 /* FeedCell.swift */; };
		F366B1611DE73B180079C169 /* FeedEntity.swift in Sources */ = {isa = PBXBuildFile; fileRef = F366B1601DE73B180079C169 /* FeedEntity.swift */; };
		F366B1631DE740730079C169 /* data.json in Resources */ = {isa = PBXBuildFile; fileRef = F366B1621DE740730079C169 /* data.json */; };
		F366B16C1DE77D560079C169 /* doge.png in Resources */ = {isa = PBXBuildFile; fileRef = F366B1651DE77D560079C169 /* doge.png */; };
		F366B16E1DE77D560079C169 /* forkingdog.png in Resources */ = {isa = PBXBuildFile; fileRef = F366B1671DE77D560079C169 /* forkingdog.png */; };
		F366B16F1DE77D560079C169 /* phil.png in Resources */ = {isa = PBXBuildFile; fileRef = F366B1681DE77D560079C169 /* phil.png */; };
		F366B1761DE77F060079C169 /* breaddoge.png in Resources */ = {isa = PBXBuildFile; fileRef = F366B1731DE77F060079C169 /* breaddoge.png */; };
		F366B1771DE77F060079C169 /* sinojerk.png in Resources */ = {isa = PBXBuildFile; fileRef = F366B1741DE77F060079C169 /* sinojerk.png */; };
		F366B1781DE77F060079C169 /* sunnyxx.png in Resources */ = {isa = PBXBuildFile; fileRef = F366B1751DE77F060079C169 /* sunnyxx.png */; };
		F366B17C1DE838530079C169 /* sark.png in Resources */ = {isa = PBXBuildFile; fileRef = F366B17B1DE838530079C169 /* sark.png */; };
		F37CC0B41E2758B60072B1BF /* IGTableViewSectionObject.swift in Sources */ = {isa = PBXBuildFile; fileRef = F37CC0B31E2758B60072B1BF /* IGTableViewSectionObject.swift */; };
		F37CC0B61E275C550072B1BF /* IGTableViewBaseItem.swift in Sources */ = {isa = PBXBuildFile; fileRef = F37CC0B51E275C550072B1BF /* IGTableViewBaseItem.swift */; };
		F37CC0B81E275E3B0072B1BF /* IGTableViewDataSource.swift in Sources */ = {isa = PBXBuildFile; fileRef = F37CC0B71E275E3B0072B1BF /* IGTableViewDataSource.swift */; };
		F37CC0BA1E2762770072B1BF /* IGTableViewBaseCell.swift in Sources */ = {isa = PBXBuildFile; fileRef = F37CC0B91E2762770072B1BF /* IGTableViewBaseCell.swift */; };
		F37CC0BC1E2766F00072B1BF /* IGBaseTableView.swift in Sources */ = {isa = PBXBuildFile; fileRef = F37CC0BB1E2766F00072B1BF /* IGBaseTableView.swift */; };
		F37CC0BE1E28D2980072B1BF /* IGTableViewController.swift in Sources */ = {isa = PBXBuildFile; fileRef = F37CC0BD1E28D2980072B1BF /* IGTableViewController.swift */; };
		F37CC0C11E28DA1D0072B1BF /* IGTestViewController.swift in Sources */ = {isa = PBXBuildFile; fileRef = F37CC0C01E28DA1D0072B1BF /* IGTestViewController.swift */; };
		F37CC0C31E28DA530072B1BF /* IGTestTableViewDataSource.swift in Sources */ = {isa = PBXBuildFile; fileRef = F37CC0C21E28DA530072B1BF /* IGTestTableViewDataSource.swift */; };
		F37CC0C51E28DA870072B1BF /* IGTestTableViewCell.swift in Sources */ = {isa = PBXBuildFile; fileRef = F37CC0C41E28DA870072B1BF /* IGTestTableViewCell.swift */; };
		F39311CB1DD96E5500D88F48 /* PlayVideoViewController.swift in Sources */ = {isa = PBXBuildFile; fileRef = F39311CA1DD96E5500D88F48 /* PlayVideoViewController.swift */; };
		F39311CD1DD9B60700D88F48 /* 山耳湾.mp3 in Resources */ = {isa = PBXBuildFile; fileRef = F39311CC1DD9B60700D88F48 /* 山耳湾.mp3 */; };
		F39311CF1DD9EE4100D88F48 /* AudioPlayerViewController.swift in Sources */ = {isa = PBXBuildFile; fileRef = F39311CE1DD9EE4100D88F48 /* AudioPlayerViewController.swift */; };
		F39311D11DD9EE9D00D88F48 /* musicBackground.jpg in Resources */ = {isa = PBXBuildFile; fileRef = F39311D01DD9EE9D00D88F48 /* musicBackground.jpg */; };
		F39311D71DDAFBFE00D88F48 /* last.png in Resources */ = {isa = PBXBuildFile; fileRef = F39311D61DDAFBFE00D88F48 /* last.png */; };
		F39311D91DDAFC0700D88F48 /* next.png in Resources */ = {isa = PBXBuildFile; fileRef = F39311D81DDAFC0700D88F48 /* next.png */; };
		F39311DC1DDAFD5700D88F48 /* pause.png in Resources */ = {isa = PBXBuildFile; fileRef = F39311DA1DDAFD5700D88F48 /* pause.png */; };
		F39311DD1DDAFD5700D88F48 /* play.png in Resources */ = {isa = PBXBuildFile; fileRef = F39311DB1DDAFD5700D88F48 /* play.png */; };
		F3D0182A1DD2CEF000CB7606 /* timg.jpeg in Resources */ = {isa = PBXBuildFile; fileRef = F3D018291DD2CEF000CB7606 /* timg.jpeg */; };
		F3D018321DD355A800CB7606 /* heart.png in Resources */ = {isa = PBXBuildFile; fileRef = F3D018311DD355A800CB7606 /* heart.png */; };
		F3D018341DD3580900CB7606 /* add.png in Resources */ = {isa = PBXBuildFile; fileRef = F3D018331DD3580900CB7606 /* add.png */; };
		F3D018371DD35BD700CB7606 /* address.png in Resources */ = {isa = PBXBuildFile; fileRef = F3D018351DD35BD700CB7606 /* address.png */; };
		F3D018381DD35BD700CB7606 /* camera.png in Resources */ = {isa = PBXBuildFile; fileRef = F3D018361DD35BD700CB7606 /* camera.png */; };
		F3D0183B1DD35BEB00CB7606 /* moon.png in Resources */ = {isa = PBXBuildFile; fileRef = F3D018391DD35BEB00CB7606 /* moon.png */; };
		F3D0183C1DD35BEB00CB7606 /* music.png in Resources */ = {isa = PBXBuildFile; fileRef = F3D0183A1DD35BEB00CB7606 /* music.png */; };
		F3D0183E1DD35BF700CB7606 /* text.png in Resources */ = {isa = PBXBuildFile; fileRef = F3D0183D1DD35BF700CB7606 /* text.png */; };
		F3D018421DD4665D00CB7606 /* OtherViewController.swift in Sources */ = {isa = PBXBuildFile; fileRef = F3D018411DD4665D00CB7606 /* OtherViewController.swift */; };
		F3D018441DD467F100CB7606 /* AMapViewController.swift in Sources */ = {isa = PBXBuildFile; fileRef = F3D018431DD467F100CB7606 /* AMapViewController.swift */; };
		F3D0184E1DD4AB0C00CB7606 /* DisplayViewController.swift in Sources */ = {isa = PBXBuildFile; fileRef = F3D018471DD4AB0C00CB7606 /* DisplayViewController.swift */; };
		F3D0184F1DD4AB0C00CB7606 /* MainViewController.swift in Sources */ = {isa = PBXBuildFile; fileRef = F3D018481DD4AB0C00CB7606 /* MainViewController.swift */; };
		F3D018501DD4AB0C00CB7606 /* RecordViewController.swift in Sources */ = {isa = PBXBuildFile; fileRef = F3D018491DD4AB0C00CB7606 /* RecordViewController.swift */; };
		F3D018511DD4AB0C00CB7606 /* Route.swift in Sources */ = {isa = PBXBuildFile; fileRef = F3D0184A1DD4AB0C00CB7606 /* Route.swift */; };
		F3D018521DD4AB0C00CB7606 /* SearchViewController.swift in Sources */ = {isa = PBXBuildFile; fileRef = F3D0184B1DD4AB0C00CB7606 /* SearchViewController.swift */; };
		F3D018531DD4AB0C00CB7606 /* StatusView.swift in Sources */ = {isa = PBXBuildFile; fileRef = F3D0184C1DD4AB0C00CB7606 /* StatusView.swift */; };
		F3D018541DD4AB0C00CB7606 /* TipView.swift in Sources */ = {isa = PBXBuildFile; fileRef = F3D0184D1DD4AB0C00CB7606 /* TipView.swift */; };
		F3D018561DD4AB5E00CB7606 /* FileHelper.swift in Sources */ = {isa = PBXBuildFile; fileRef = F3D018551DD4AB5E00CB7606 /* FileHelper.swift */; };
		F3D018591DD4B0AA00CB7606 /* icon_play.png in Resources */ = {isa = PBXBuildFile; fileRef = F3D018571DD4B0AA00CB7606 /* icon_play.png */; };
		F3D0185A1DD4B0AA00CB7606 /* icon_stop.png in Resources */ = {isa = PBXBuildFile; fileRef = F3D018581DD4B0AA00CB7606 /* icon_stop.png */; };
		F3D0185D1DD4B8DF00CB7606 /* location_no@2x.png in Resources */ = {isa = PBXBuildFile; fileRef = F3D0185B1DD4B8DF00CB7606 /* location_no@2x.png */; };
		F3D0185E1DD4B8DF00CB7606 /* location_yes@2x.png in Resources */ = {isa = PBXBuildFile; fileRef = F3D0185C1DD4B8DF00CB7606 /* location_yes@2x.png */; };
		F3D018601DD5735E00CB7606 /* search.png in Resources */ = {isa = PBXBuildFile; fileRef = F3D0185F1DD5735E00CB7606 /* search.png */; };
		F3D845161DC07FF2009F6C91 /* AppDelegate.swift in Sources */ = {isa = PBXBuildFile; fileRef = F3D845151DC07FF2009F6C91 /* AppDelegate.swift */; };
		F3D845181DC07FF2009F6C91 /* ViewController.swift in Sources */ = {isa = PBXBuildFile; fileRef = F3D845171DC07FF2009F6C91 /* ViewController.swift */; };
		F3D8451D1DC07FF2009F6C91 /* Assets.xcassets in Resources */ = {isa = PBXBuildFile; fileRef = F3D8451C1DC07FF2009F6C91 /* Assets.xcassets */; };
		F3D845201DC07FF2009F6C91 /* LaunchScreen.storyboard in Resources */ = {isa = PBXBuildFile; fileRef = F3D8451E1DC07FF2009F6C91 /* LaunchScreen.storyboard */; };
		F3FCC22E1DD0BB3600C884A9 /* ZHTabBarController.swift in Sources */ = {isa = PBXBuildFile; fileRef = F3FCC22D1DD0BB3600C884A9 /* ZHTabBarController.swift */; };
		F3FCC2301DD0C0BE00C884A9 /* ZHNavigationController.swift in Sources */ = {isa = PBXBuildFile; fileRef = F3FCC22F1DD0C0BE00C884A9 /* ZHNavigationController.swift */; };
		F3FCC2321DD0CA6F00C884A9 /* Extensions.swift in Sources */ = {isa = PBXBuildFile; fileRef = F3FCC2311DD0CA6F00C884A9 /* Extensions.swift */; };
		F3FCC2341DD0CAEA00C884A9 /* ConstDefine.swift in Sources */ = {isa = PBXBuildFile; fileRef = F3FCC2331DD0CAEA00C884A9 /* ConstDefine.swift */; };
		F3FCC2681DD1BFF200C884A9 /* tab1.png in Resources */ = {isa = PBXBuildFile; fileRef = F3FCC2641DD1BFF200C884A9 /* tab1.png */; };
		F3FCC2691DD1BFF200C884A9 /* tab2.png in Resources */ = {isa = PBXBuildFile; fileRef = F3FCC2651DD1BFF200C884A9 /* tab2.png */; };
		F3FCC26A1DD1BFF200C884A9 /* tab3.png in Resources */ = {isa = PBXBuildFile; fileRef = F3FCC2661DD1BFF200C884A9 /* tab3.png */; };
		F3FCC26B1DD1BFF200C884A9 /* tab4.png in Resources */ = {isa = PBXBuildFile; fileRef = F3FCC2671DD1BFF200C884A9 /* tab4.png */; };
/* End PBXBuildFile section */

/* Begin PBXFileReference section */
		B5961BF28FD31396B31B2DA2 /* Pods_swiftStyle.framework */ = {isa = PBXFileReference; explicitFileType = wrapper.framework; includeInIndex = 0; path = Pods_swiftStyle.framework; sourceTree = BUILT_PRODUCTS_DIR; };
		F338C7531DE9914800F73FE3 /* NetStoreViewController.swift */ = {isa = PBXFileReference; fileEncoding = 4; lastKnownFileType = sourcecode.swift; path = NetStoreViewController.swift; sourceTree = "<group>"; };
		F338C7571DE9915E00F73FE3 /* CoreViewController.swift */ = {isa = PBXFileReference; fileEncoding = 4; lastKnownFileType = sourcecode.swift; path = CoreViewController.swift; sourceTree = "<group>"; };
		F338C7591DE991AF00F73FE3 /* HttpClient.swift */ = {isa = PBXFileReference; fileEncoding = 4; lastKnownFileType = sourcecode.swift; path = HttpClient.swift; sourceTree = "<group>"; };
		F338C75B1DE99EF400F73FE3 /* APIService.swift */ = {isa = PBXFileReference; fileEncoding = 4; lastKnownFileType = sourcecode.swift; path = APIService.swift; sourceTree = "<group>"; };
		F338C7671DED8B1700F73FE3 /* LoopViewController.swift */ = {isa = PBXFileReference; fileEncoding = 4; lastKnownFileType = sourcecode.swift; path = LoopViewController.swift; sourceTree = "<group>"; };
		F338C7691DED993A00F73FE3 /* LoopCollectionViewCell.swift */ = {isa = PBXFileReference; fileEncoding = 4; lastKnownFileType = sourcecode.swift; path = LoopCollectionViewCell.swift; sourceTree = "<group>"; };
		F338C76C1DEEB28E00F73FE3 /* 0.png */ = {isa = PBXFileReference; lastKnownFileType = image.png; path = 0.png; sourceTree = "<group>"; };
		F338C76D1DEEB28E00F73FE3 /* 1.png */ = {isa = PBXFileReference; lastKnownFileType = image.png; path = 1.png; sourceTree = "<group>"; };
		F338C76E1DEEB28E00F73FE3 /* 2.png */ = {isa = PBXFileReference; lastKnownFileType = image.png; path = 2.png; sourceTree = "<group>"; };
		F338C76F1DEEB28E00F73FE3 /* 3.png */ = {isa = PBXFileReference; lastKnownFileType = image.png; path = 3.png; sourceTree = "<group>"; };
		F338C7701DEEB28E00F73FE3 /* 4.png */ = {isa = PBXFileReference; lastKnownFileType = image.png; path = 4.png; sourceTree = "<group>"; };
		F338C7711DEEB28E00F73FE3 /* 5.png */ = {isa = PBXFileReference; lastKnownFileType = image.png; path = 5.png; sourceTree = "<group>"; };
		F338C7721DEEB28E00F73FE3 /* 6.png */ = {isa = PBXFileReference; lastKnownFileType = image.png; path = 6.png; sourceTree = "<group>"; };
		F338C7731DEEB28E00F73FE3 /* 7.png */ = {isa = PBXFileReference; lastKnownFileType = image.png; path = 7.png; sourceTree = "<group>"; };
		F338C7741DEEB28E00F73FE3 /* 8.png */ = {isa = PBXFileReference; lastKnownFileType = image.png; path = 8.png; sourceTree = "<group>"; };
		F338C7751DEEB28E00F73FE3 /* 9.png */ = {isa = PBXFileReference; lastKnownFileType = image.png; path = 9.png; sourceTree = "<group>"; };
		F338C7761DEEB28E00F73FE3 /* 10.png */ = {isa = PBXFileReference; lastKnownFileType = image.png; path = 10.png; sourceTree = "<group>"; };
		F338C7821DEEBD1000F73FE3 /* LineLayout.swift */ = {isa = PBXFileReference; fileEncoding = 4; lastKnownFileType = sourcecode.swift; path = LineLayout.swift; sourceTree = "<group>"; };
		F338C7841DF058C900F73FE3 /* PageViewController.swift */ = {isa = PBXFileReference; fileEncoding = 4; lastKnownFileType = sourcecode.swift; path = PageViewController.swift; sourceTree = "<group>"; };
		F338C8E01DF68C2B00F73FE3 /* LayoutViewController.swift */ = {isa = PBXFileReference; fileEncoding = 4; lastKnownFileType = sourcecode.swift; path = LayoutViewController.swift; sourceTree = "<group>"; };
		F338C8E21DF68C2B00F73FE3 /* MenuContainerView.swift */ = {isa = PBXFileReference; fileEncoding = 4; lastKnownFileType = sourcecode.swift; path = MenuContainerView.swift; sourceTree = "<group>"; };
		F338C8E31DF68C2B00F73FE3 /* MenuController.swift */ = {isa = PBXFileReference; fileEncoding = 4; lastKnownFileType = sourcecode.swift; path = MenuController.swift; sourceTree = "<group>"; };
		F338C8E81DF68C3400F73FE3 /* BeautyController.swift */ = {isa = PBXFileReference; fileEncoding = 4; lastKnownFileType = sourcecode.swift; path = BeautyController.swift; sourceTree = "<group>"; };
		F338C8E91DF68C3400F73FE3 /* GPUImageBlurController.swift */ = {isa = PBXFileReference; fileEncoding = 4; lastKnownFileType = sourcecode.swift; path = GPUImageBlurController.swift; sourceTree = "<group>"; };
		F338C8EA1DF68C3400F73FE3 /* GPUViewController.swift */ = {isa = PBXFileReference; fileEncoding = 4; lastKnownFileType = sourcecode.swift; path = GPUViewController.swift; sourceTree = "<group>"; };
		F338C8EB1DF68C3400F73FE3 /* ImageBlurController.swift */ = {isa = PBXFileReference; fileEncoding = 4; lastKnownFileType = sourcecode.swift; path = ImageBlurController.swift; sourceTree = "<group>"; };
		F338C8F01DF68F6100F73FE3 /* EmptyDataView.swift */ = {isa = PBXFileReference; fileEncoding = 4; lastKnownFileType = sourcecode.swift; path = EmptyDataView.swift; sourceTree = "<group>"; };
		F338C8F31DF69D1A00F73FE3 /* empty.png */ = {isa = PBXFileReference; lastKnownFileType = image.png; path = empty.png; sourceTree = "<group>"; };
		F338C8F51DF6A30900F73FE3 /* IGTableView.swift */ = {isa = PBXFileReference; fileEncoding = 4; lastKnownFileType = sourcecode.swift; path = IGTableView.swift; sourceTree = "<group>"; };
		F338C8F71DFAABCE00F73FE3 /* Core.swift */ = {isa = PBXFileReference; fileEncoding = 4; lastKnownFileType = sourcecode.swift; path = Core.swift; sourceTree = "<group>"; };
		F338C8F91DFAB62E00F73FE3 /* CoreExtensions.swift */ = {isa = PBXFileReference; fileEncoding = 4; lastKnownFileType = sourcecode.swift; path = CoreExtensions.swift; sourceTree = "<group>"; };
		F34E94721DDF3BB000E556BA /* WkWebViewController.swift */ = {isa = PBXFileReference; fileEncoding = 4; lastKnownFileType = sourcecode.swift; path = WkWebViewController.swift; sourceTree = "<group>"; };
		F34E94771DE09C6C00E556BA /* ExampleApp.html */ = {isa = PBXFileReference; fileEncoding = 4; lastKnownFileType = text.html; path = ExampleApp.html; sourceTree = "<group>"; };
		F34E94791DE0C0FD00E556BA /* injection.js */ = {isa = PBXFileReference; fileEncoding = 4; lastKnownFileType = sourcecode.javascript; path = injection.js; sourceTree = "<group>"; };
		F34E947E1DE1E7A500E556BA /* TableRefreshViewController.swift */ = {isa = PBXFileReference; fileEncoding = 4; lastKnownFileType = sourcecode.swift; path = TableRefreshViewController.swift; sourceTree = "<group>"; };
		F366B14C1DE421DF0079C169 /* BaseViewController.swift */ = {isa = PBXFileReference; fileEncoding = 4; lastKnownFileType = sourcecode.swift; path = BaseViewController.swift; sourceTree = "<group>"; };
		F366B14E1DE424770079C169 /* BaseRefreshCtrl.swift */ = {isa = PBXFileReference; fileEncoding = 4; lastKnownFileType = sourcecode.swift; path = BaseRefreshCtrl.swift; sourceTree = "<group>"; };
		F366B1501DE431BB0079C169 /* DefaultRefreshCtrl.swift */ = {isa = PBXFileReference; fileEncoding = 4; lastKnownFileType = sourcecode.swift; path = DefaultRefreshCtrl.swift; sourceTree = "<group>"; };
		F366B1521DE43A310079C169 /* RefreshHeader.swift */ = {isa = PBXFileReference; fileEncoding = 4; lastKnownFileType = sourcecode.swift; path = RefreshHeader.swift; sourceTree = "<group>"; };
		F366B1541DE572B70079C169 /* LoadMoreCtrl.swift */ = {isa = PBXFileReference; fileEncoding = 4; lastKnownFileType = sourcecode.swift; path = LoadMoreCtrl.swift; sourceTree = "<group>"; };
		F366B15A1DE738ED0079C169 /* FeedViewController.swift */ = {isa = PBXFileReference; fileEncoding = 4; lastKnownFileType = sourcecode.swift; path = FeedViewController.swift; sourceTree = "<group>"; };
		F366B15E1DE73A720079C169 /* FeedCell.swift */ = {isa = PBXFileReference; fileEncoding = 4; lastKnownFileType = sourcecode.swift; path = FeedCell.swift; sourceTree = "<group>"; };
		F366B1601DE73B180079C169 /* FeedEntity.swift */ = {isa = PBXFileReference; fileEncoding = 4; lastKnownFileType = sourcecode.swift; path = FeedEntity.swift; sourceTree = "<group>"; };
		F366B1621DE740730079C169 /* data.json */ = {isa = PBXFileReference; fileEncoding = 4; lastKnownFileType = text.json; path = data.json; sourceTree = "<group>"; };
		F366B1651DE77D560079C169 /* doge.png */ = {isa = PBXFileReference; lastKnownFileType = image.png; path = doge.png; sourceTree = "<group>"; };
		F366B1671DE77D560079C169 /* forkingdog.png */ = {isa = PBXFileReference; lastKnownFileType = image.png; path = forkingdog.png; sourceTree = "<group>"; };
		F366B1681DE77D560079C169 /* phil.png */ = {isa = PBXFileReference; lastKnownFileType = image.png; path = phil.png; sourceTree = "<group>"; };
		F366B1731DE77F060079C169 /* breaddoge.png */ = {isa = PBXFileReference; lastKnownFileType = image.png; path = breaddoge.png; sourceTree = "<group>"; };
		F366B1741DE77F060079C169 /* sinojerk.png */ = {isa = PBXFileReference; lastKnownFileType = image.png; path = sinojerk.png; sourceTree = "<group>"; };
		F366B1751DE77F060079C169 /* sunnyxx.png */ = {isa = PBXFileReference; lastKnownFileType = image.png; path = sunnyxx.png; sourceTree = "<group>"; };
		F366B17B1DE838530079C169 /* sark.png */ = {isa = PBXFileReference; lastKnownFileType = image.png; path = sark.png; sourceTree = "<group>"; };
		F37CC0B31E2758B60072B1BF /* IGTableViewSectionObject.swift */ = {isa = PBXFileReference; fileEncoding = 4; lastKnownFileType = sourcecode.swift; path = IGTableViewSectionObject.swift; sourceTree = "<group>"; };
		F37CC0B51E275C550072B1BF /* IGTableViewBaseItem.swift */ = {isa = PBXFileReference; fileEncoding = 4; lastKnownFileType = sourcecode.swift; path = IGTableViewBaseItem.swift; sourceTree = "<group>"; };
		F37CC0B71E275E3B0072B1BF /* IGTableViewDataSource.swift */ = {isa = PBXFileReference; fileEncoding = 4; lastKnownFileType = sourcecode.swift; path = IGTableViewDataSource.swift; sourceTree = "<group>"; };
		F37CC0B91E2762770072B1BF /* IGTableViewBaseCell.swift */ = {isa = PBXFileReference; fileEncoding = 4; lastKnownFileType = sourcecode.swift; path = IGTableViewBaseCell.swift; sourceTree = "<group>"; };
		F37CC0BB1E2766F00072B1BF /* IGBaseTableView.swift */ = {isa = PBXFileReference; fileEncoding = 4; lastKnownFileType = sourcecode.swift; path = IGBaseTableView.swift; sourceTree = "<group>"; };
		F37CC0BD1E28D2980072B1BF /* IGTableViewController.swift */ = {isa = PBXFileReference; fileEncoding = 4; lastKnownFileType = sourcecode.swift; path = IGTableViewController.swift; sourceTree = "<group>"; };
		F37CC0C01E28DA1D0072B1BF /* IGTestViewController.swift */ = {isa = PBXFileReference; fileEncoding = 4; lastKnownFileType = sourcecode.swift; path = IGTestViewController.swift; sourceTree = "<group>"; };
		F37CC0C21E28DA530072B1BF /* IGTestTableViewDataSource.swift */ = {isa = PBXFileReference; fileEncoding = 4; lastKnownFileType = sourcecode.swift; path = IGTestTableViewDataSource.swift; sourceTree = "<group>"; };
		F37CC0C41E28DA870072B1BF /* IGTestTableViewCell.swift */ = {isa = PBXFileReference; fileEncoding = 4; lastKnownFileType = sourcecode.swift; path = IGTestTableViewCell.swift; sourceTree = "<group>"; };
		F39311CA1DD96E5500D88F48 /* PlayVideoViewController.swift */ = {isa = PBXFileReference; fileEncoding = 4; lastKnownFileType = sourcecode.swift; path = PlayVideoViewController.swift; sourceTree = "<group>"; };
		F39311CC1DD9B60700D88F48 /* 山耳湾.mp3 */ = {isa = PBXFileReference; lastKnownFileType = audio.mp3; path = "山耳湾.mp3"; sourceTree = "<group>"; };
		F39311CE1DD9EE4100D88F48 /* AudioPlayerViewController.swift */ = {isa = PBXFileReference; fileEncoding = 4; lastKnownFileType = sourcecode.swift; path = AudioPlayerViewController.swift; sourceTree = "<group>"; };
		F39311D01DD9EE9D00D88F48 /* musicBackground.jpg */ = {isa = PBXFileReference; lastKnownFileType = image.jpeg; path = musicBackground.jpg; sourceTree = "<group>"; };
		F39311D61DDAFBFE00D88F48 /* last.png */ = {isa = PBXFileReference; lastKnownFileType = image.png; path = last.png; sourceTree = "<group>"; };
		F39311D81DDAFC0700D88F48 /* next.png */ = {isa = PBXFileReference; lastKnownFileType = image.png; path = next.png; sourceTree = "<group>"; };
		F39311DA1DDAFD5700D88F48 /* pause.png */ = {isa = PBXFileReference; lastKnownFileType = image.png; path = pause.png; sourceTree = "<group>"; };
		F39311DB1DDAFD5700D88F48 /* play.png */ = {isa = PBXFileReference; lastKnownFileType = image.png; path = play.png; sourceTree = "<group>"; };
		F3D018291DD2CEF000CB7606 /* timg.jpeg */ = {isa = PBXFileReference; lastKnownFileType = image.jpeg; path = timg.jpeg; sourceTree = "<group>"; };
		F3D018311DD355A800CB7606 /* heart.png */ = {isa = PBXFileReference; lastKnownFileType = image.png; path = heart.png; sourceTree = "<group>"; };
		F3D018331DD3580900CB7606 /* add.png */ = {isa = PBXFileReference; lastKnownFileType = image.png; path = add.png; sourceTree = "<group>"; };
		F3D018351DD35BD700CB7606 /* address.png */ = {isa = PBXFileReference; lastKnownFileType = image.png; path = address.png; sourceTree = "<group>"; };
		F3D018361DD35BD700CB7606 /* camera.png */ = {isa = PBXFileReference; lastKnownFileType = image.png; path = camera.png; sourceTree = "<group>"; };
		F3D018391DD35BEB00CB7606 /* moon.png */ = {isa = PBXFileReference; lastKnownFileType = image.png; path = moon.png; sourceTree = "<group>"; };
		F3D0183A1DD35BEB00CB7606 /* music.png */ = {isa = PBXFileReference; lastKnownFileType = image.png; path = music.png; sourceTree = "<group>"; };
		F3D0183D1DD35BF700CB7606 /* text.png */ = {isa = PBXFileReference; lastKnownFileType = image.png; path = text.png; sourceTree = "<group>"; };
		F3D018411DD4665D00CB7606 /* OtherViewController.swift */ = {isa = PBXFileReference; fileEncoding = 4; lastKnownFileType = sourcecode.swift; path = OtherViewController.swift; sourceTree = "<group>"; };
		F3D018431DD467F100CB7606 /* AMapViewController.swift */ = {isa = PBXFileReference; fileEncoding = 4; lastKnownFileType = sourcecode.swift; name = AMapViewController.swift; path = swiftStyle/Other/AMapViewController.swift; sourceTree = SOURCE_ROOT; };
		F3D018451DD469C500CB7606 /* OCBridgeHeader.h */ = {isa = PBXFileReference; lastKnownFileType = sourcecode.c.h; path = OCBridgeHeader.h; sourceTree = "<group>"; };
		F3D018471DD4AB0C00CB7606 /* DisplayViewController.swift */ = {isa = PBXFileReference; fileEncoding = 4; lastKnownFileType = sourcecode.swift; path = DisplayViewController.swift; sourceTree = "<group>"; };
		F3D018481DD4AB0C00CB7606 /* MainViewController.swift */ = {isa = PBXFileReference; fileEncoding = 4; lastKnownFileType = sourcecode.swift; path = MainViewController.swift; sourceTree = "<group>"; };
		F3D018491DD4AB0C00CB7606 /* RecordViewController.swift */ = {isa = PBXFileReference; fileEncoding = 4; lastKnownFileType = sourcecode.swift; path = RecordViewController.swift; sourceTree = "<group>"; };
		F3D0184A1DD4AB0C00CB7606 /* Route.swift */ = {isa = PBXFileReference; fileEncoding = 4; lastKnownFileType = sourcecode.swift; path = Route.swift; sourceTree = "<group>"; };
		F3D0184B1DD4AB0C00CB7606 /* SearchViewController.swift */ = {isa = PBXFileReference; fileEncoding = 4; lastKnownFileType = sourcecode.swift; path = SearchViewController.swift; sourceTree = "<group>"; };
		F3D0184C1DD4AB0C00CB7606 /* StatusView.swift */ = {isa = PBXFileReference; fileEncoding = 4; lastKnownFileType = sourcecode.swift; path = StatusView.swift; sourceTree = "<group>"; };
		F3D0184D1DD4AB0C00CB7606 /* TipView.swift */ = {isa = PBXFileReference; fileEncoding = 4; lastKnownFileType = sourcecode.swift; path = TipView.swift; sourceTree = "<group>"; };
		F3D018551DD4AB5E00CB7606 /* FileHelper.swift */ = {isa = PBXFileReference; fileEncoding = 4; lastKnownFileType = sourcecode.swift; path = FileHelper.swift; sourceTree = "<group>"; };
		F3D018571DD4B0AA00CB7606 /* icon_play.png */ = {isa = PBXFileReference; lastKnownFileType = image.png; path = icon_play.png; sourceTree = "<group>"; };
		F3D018581DD4B0AA00CB7606 /* icon_stop.png */ = {isa = PBXFileReference; lastKnownFileType = image.png; path = icon_stop.png; sourceTree = "<group>"; };
		F3D0185B1DD4B8DF00CB7606 /* location_no@2x.png */ = {isa = PBXFileReference; lastKnownFileType = image.png; path = "location_no@2x.png"; sourceTree = "<group>"; };
		F3D0185C1DD4B8DF00CB7606 /* location_yes@2x.png */ = {isa = PBXFileReference; lastKnownFileType = image.png; path = "location_yes@2x.png"; sourceTree = "<group>"; };
		F3D0185F1DD5735E00CB7606 /* search.png */ = {isa = PBXFileReference; lastKnownFileType = image.png; path = search.png; sourceTree = "<group>"; };
		F3D845121DC07FF2009F6C91 /* swiftStyle.app */ = {isa = PBXFileReference; explicitFileType = wrapper.application; includeInIndex = 0; path = swiftStyle.app; sourceTree = BUILT_PRODUCTS_DIR; };
		F3D845151DC07FF2009F6C91 /* AppDelegate.swift */ = {isa = PBXFileReference; lastKnownFileType = sourcecode.swift; path = AppDelegate.swift; sourceTree = "<group>"; };
		F3D845171DC07FF2009F6C91 /* ViewController.swift */ = {isa = PBXFileReference; lastKnownFileType = sourcecode.swift; name = ViewController.swift; path = ../ViewController.swift; sourceTree = "<group>"; };
		F3D8451C1DC07FF2009F6C91 /* Assets.xcassets */ = {isa = PBXFileReference; lastKnownFileType = folder.assetcatalog; path = Assets.xcassets; sourceTree = "<group>"; };
		F3D8451F1DC07FF2009F6C91 /* Base */ = {isa = PBXFileReference; lastKnownFileType = file.storyboard; name = Base; path = Base.lproj/LaunchScreen.storyboard; sourceTree = "<group>"; };
		F3D845211DC07FF2009F6C91 /* Info.plist */ = {isa = PBXFileReference; lastKnownFileType = text.plist.xml; path = Info.plist; sourceTree = "<group>"; };
		F3D895D2B2B518469D4381D4 /* Pods-swiftStyle.release.xcconfig */ = {isa = PBXFileReference; includeInIndex = 1; lastKnownFileType = text.xcconfig; name = "Pods-swiftStyle.release.xcconfig"; path = "Pods/Target Support Files/Pods-swiftStyle/Pods-swiftStyle.release.xcconfig"; sourceTree = "<group>"; };
		F3FCC22D1DD0BB3600C884A9 /* ZHTabBarController.swift */ = {isa = PBXFileReference; fileEncoding = 4; lastKnownFileType = sourcecode.swift; path = ZHTabBarController.swift; sourceTree = "<group>"; };
		F3FCC22F1DD0C0BE00C884A9 /* ZHNavigationController.swift */ = {isa = PBXFileReference; fileEncoding = 4; lastKnownFileType = sourcecode.swift; path = ZHNavigationController.swift; sourceTree = "<group>"; };
		F3FCC2311DD0CA6F00C884A9 /* Extensions.swift */ = {isa = PBXFileReference; fileEncoding = 4; lastKnownFileType = sourcecode.swift; path = Extensions.swift; sourceTree = "<group>"; };
		F3FCC2331DD0CAEA00C884A9 /* ConstDefine.swift */ = {isa = PBXFileReference; fileEncoding = 4; lastKnownFileType = sourcecode.swift; path = ConstDefine.swift; sourceTree = "<group>"; };
		F3FCC2641DD1BFF200C884A9 /* tab1.png */ = {isa = PBXFileReference; lastKnownFileType = image.png; path = tab1.png; sourceTree = "<group>"; };
		F3FCC2651DD1BFF200C884A9 /* tab2.png */ = {isa = PBXFileReference; lastKnownFileType = image.png; path = tab2.png; sourceTree = "<group>"; };
		F3FCC2661DD1BFF200C884A9 /* tab3.png */ = {isa = PBXFileReference; lastKnownFileType = image.png; path = tab3.png; sourceTree = "<group>"; };
		F3FCC2671DD1BFF200C884A9 /* tab4.png */ = {isa = PBXFileReference; lastKnownFileType = image.png; path = tab4.png; sourceTree = "<group>"; };
		F9FC3623CD033454E8EC05D4 /* Pods-swiftStyle.debug.xcconfig */ = {isa = PBXFileReference; includeInIndex = 1; lastKnownFileType = text.xcconfig; name = "Pods-swiftStyle.debug.xcconfig"; path = "Pods/Target Support Files/Pods-swiftStyle/Pods-swiftStyle.debug.xcconfig"; sourceTree = "<group>"; };
/* End PBXFileReference section */

/* Begin PBXFrameworksBuildPhase section */
		F3D8450F1DC07FF2009F6C91 /* Frameworks */ = {
			isa = PBXFrameworksBuildPhase;
			buildActionMask = 2147483647;
			files = (
				071AC69BA55A0C9C98B71C70 /* Pods_swiftStyle.framework in Frameworks */,
			);
			runOnlyForDeploymentPostprocessing = 0;
		};
/* End PBXFrameworksBuildPhase section */

/* Begin PBXGroup section */
		DE54922CCBC2BEA67D5B10FC /* Pods */ = {
			isa = PBXGroup;
			children = (
				F9FC3623CD033454E8EC05D4 /* Pods-swiftStyle.debug.xcconfig */,
				F3D895D2B2B518469D4381D4 /* Pods-swiftStyle.release.xcconfig */,
			);
			name = Pods;
			sourceTree = "<group>";
		};
		F338C7521DE9914800F73FE3 /* N&S */ = {
			isa = PBXGroup;
			children = (
				F338C7531DE9914800F73FE3 /* NetStoreViewController.swift */,
				F338C7541DE9914800F73FE3 /* Network */,
			);
			path = "N&S";
			sourceTree = "<group>";
		};
		F338C7541DE9914800F73FE3 /* Network */ = {
			isa = PBXGroup;
			children = (
				F338C7591DE991AF00F73FE3 /* HttpClient.swift */,
				F338C75B1DE99EF400F73FE3 /* APIService.swift */,
			);
			path = Network;
			sourceTree = "<group>";
		};
		F338C7561DE9915E00F73FE3 /* Core */ = {
			isa = PBXGroup;
			children = (
				F338C7571DE9915E00F73FE3 /* CoreViewController.swift */,
				F338C8F71DFAABCE00F73FE3 /* Core.swift */,
				F338C8F91DFAB62E00F73FE3 /* CoreExtensions.swift */,
			);
			path = Core;
			sourceTree = "<group>";
		};
		F338C7661DED8AB600F73FE3 /* Collection */ = {
			isa = PBXGroup;
			children = (
				F338C76B1DEEB19C00F73FE3 /* images */,
				F338C7671DED8B1700F73FE3 /* LoopViewController.swift */,
				F338C7691DED993A00F73FE3 /* LoopCollectionViewCell.swift */,
				F338C7821DEEBD1000F73FE3 /* LineLayout.swift */,
				F338C7841DF058C900F73FE3 /* PageViewController.swift */,
			);
			path = Collection;
			sourceTree = "<group>";
		};
		F338C76B1DEEB19C00F73FE3 /* images */ = {
			isa = PBXGroup;
			children = (
				F338C76C1DEEB28E00F73FE3 /* 0.png */,
				F338C76D1DEEB28E00F73FE3 /* 1.png */,
				F338C76E1DEEB28E00F73FE3 /* 2.png */,
				F338C76F1DEEB28E00F73FE3 /* 3.png */,
				F338C7701DEEB28E00F73FE3 /* 4.png */,
				F338C7711DEEB28E00F73FE3 /* 5.png */,
				F338C7721DEEB28E00F73FE3 /* 6.png */,
				F338C7731DEEB28E00F73FE3 /* 7.png */,
				F338C7741DEEB28E00F73FE3 /* 8.png */,
				F338C7751DEEB28E00F73FE3 /* 9.png */,
				F338C7761DEEB28E00F73FE3 /* 10.png */,
			);
			path = images;
			sourceTree = "<group>";
		};
		F338C8DF1DF68C2B00F73FE3 /* layout */ = {
			isa = PBXGroup;
			children = (
				F338C8E01DF68C2B00F73FE3 /* LayoutViewController.swift */,
			);
			path = layout;
			sourceTree = "<group>";
		};
		F338C8E11DF68C2B00F73FE3 /* menu */ = {
			isa = PBXGroup;
			children = (
				F338C8E21DF68C2B00F73FE3 /* MenuContainerView.swift */,
				F338C8E31DF68C2B00F73FE3 /* MenuController.swift */,
			);
			path = menu;
			sourceTree = "<group>";
		};
		F338C8E71DF68C3400F73FE3 /* Blur */ = {
			isa = PBXGroup;
			children = (
				F338C8E81DF68C3400F73FE3 /* BeautyController.swift */,
				F338C8E91DF68C3400F73FE3 /* GPUImageBlurController.swift */,
				F338C8EA1DF68C3400F73FE3 /* GPUViewController.swift */,
				F338C8EB1DF68C3400F73FE3 /* ImageBlurController.swift */,
			);
			path = Blur;
			sourceTree = "<group>";
		};
		F338C8F21DF69D1A00F73FE3 /* images */ = {
			isa = PBXGroup;
			children = (
				F338C8F31DF69D1A00F73FE3 /* empty.png */,
			);
			path = images;
			sourceTree = "<group>";
		};
		F34E94711DDF3B6400E556BA /* WKWebview */ = {
			isa = PBXGroup;
			children = (
				F34E94721DDF3BB000E556BA /* WkWebViewController.swift */,
			);
			path = WKWebview;
			sourceTree = "<group>";
		};
		F34E94741DE09B3D00E556BA /* resources */ = {
			isa = PBXGroup;
			children = (
				F34E94791DE0C0FD00E556BA /* injection.js */,
				F34E94771DE09C6C00E556BA /* ExampleApp.html */,
			);
			path = resources;
			sourceTree = "<group>";
		};
		F34E947D1DE1E7A500E556BA /* Refresh */ = {
			isa = PBXGroup;
			children = (
				F338C8F21DF69D1A00F73FE3 /* images */,
				F34E947E1DE1E7A500E556BA /* TableRefreshViewController.swift */,
				F366B14C1DE421DF0079C169 /* BaseViewController.swift */,
				F366B14E1DE424770079C169 /* BaseRefreshCtrl.swift */,
				F366B1521DE43A310079C169 /* RefreshHeader.swift */,
				F366B1501DE431BB0079C169 /* DefaultRefreshCtrl.swift */,
				F366B1541DE572B70079C169 /* LoadMoreCtrl.swift */,
				F338C8F01DF68F6100F73FE3 /* EmptyDataView.swift */,
				F338C8F51DF6A30900F73FE3 /* IGTableView.swift */,
			);
			path = Refresh;
			sourceTree = "<group>";
		};
		F366B1591DE738DC0079C169 /* Feed */ = {
			isa = PBXGroup;
			children = (
				F366B1641DE77CD20079C169 /* images */,
				F366B1621DE740730079C169 /* data.json */,
				F366B15A1DE738ED0079C169 /* FeedViewController.swift */,
				F366B15E1DE73A720079C169 /* FeedCell.swift */,
				F366B1601DE73B180079C169 /* FeedEntity.swift */,
			);
			path = Feed;
			sourceTree = "<group>";
		};
		F366B1641DE77CD20079C169 /* images */ = {
			isa = PBXGroup;
			children = (
				F366B17B1DE838530079C169 /* sark.png */,
				F366B1731DE77F060079C169 /* breaddoge.png */,
				F366B1741DE77F060079C169 /* sinojerk.png */,
				F366B1751DE77F060079C169 /* sunnyxx.png */,
				F366B1651DE77D560079C169 /* doge.png */,
				F366B1671DE77D560079C169 /* forkingdog.png */,
				F366B1681DE77D560079C169 /* phil.png */,
			);
			path = images;
			sourceTree = "<group>";
		};
		F37CC0B21E27583F0072B1BF /* TableView */ = {
			isa = PBXGroup;
			children = (
				F37CC0BF1E28D9D50072B1BF /* Example */,
				F37CC0B31E2758B60072B1BF /* IGTableViewSectionObject.swift */,
				F37CC0B51E275C550072B1BF /* IGTableViewBaseItem.swift */,
				F37CC0B71E275E3B0072B1BF /* IGTableViewDataSource.swift */,
				F37CC0B91E2762770072B1BF /* IGTableViewBaseCell.swift */,
				F37CC0BB1E2766F00072B1BF /* IGBaseTableView.swift */,
				F37CC0BD1E28D2980072B1BF /* IGTableViewController.swift */,
			);
			path = TableView;
			sourceTree = "<group>";
		};
		F37CC0BF1E28D9D50072B1BF /* Example */ = {
			isa = PBXGroup;
			children = (
				F37CC0C01E28DA1D0072B1BF /* IGTestViewController.swift */,
				F37CC0C21E28DA530072B1BF /* IGTestTableViewDataSource.swift */,
				F37CC0C41E28DA870072B1BF /* IGTestTableViewCell.swift */,
			);
			path = Example;
			sourceTree = "<group>";
		};
		F39311C91DD96DE700D88F48 /* video */ = {
			isa = PBXGroup;
			children = (
				F39311CA1DD96E5500D88F48 /* PlayVideoViewController.swift */,
				F39311CE1DD9EE4100D88F48 /* AudioPlayerViewController.swift */,
			);
			path = video;
			sourceTree = "<group>";
		};
		F3D018461DD4AB0C00CB7606 /* AMap */ = {
			isa = PBXGroup;
			children = (
				F3D018551DD4AB5E00CB7606 /* FileHelper.swift */,
				F3D018431DD467F100CB7606 /* AMapViewController.swift */,
				F3D018471DD4AB0C00CB7606 /* DisplayViewController.swift */,
				F3D018481DD4AB0C00CB7606 /* MainViewController.swift */,
				F3D018491DD4AB0C00CB7606 /* RecordViewController.swift */,
				F3D0184A1DD4AB0C00CB7606 /* Route.swift */,
				F3D0184B1DD4AB0C00CB7606 /* SearchViewController.swift */,
				F3D0184C1DD4AB0C00CB7606 /* StatusView.swift */,
				F3D0184D1DD4AB0C00CB7606 /* TipView.swift */,
			);
			path = AMap;
			sourceTree = "<group>";
		};
		F3D845091DC07FF2009F6C91 = {
			isa = PBXGroup;
			children = (
				F3D845141DC07FF2009F6C91 /* swiftStyle */,
				F3D845131DC07FF2009F6C91 /* Products */,
				DE54922CCBC2BEA67D5B10FC /* Pods */,
				F94BB79FCE8040ACBCC8FD83 /* Frameworks */,
			);
			sourceTree = "<group>";
		};
		F3D845131DC07FF2009F6C91 /* Products */ = {
			isa = PBXGroup;
			children = (
				F3D845121DC07FF2009F6C91 /* swiftStyle.app */,
			);
			name = Products;
			sourceTree = "<group>";
		};
		F3D845141DC07FF2009F6C91 /* swiftStyle */ = {
			isa = PBXGroup;
			children = (
				F338C7521DE9914800F73FE3 /* N&S */,
				F338C7561DE9915E00F73FE3 /* Core */,
				F34E94741DE09B3D00E556BA /* resources */,
				F3FCC26E1DD1C40A00C884A9 /* Other */,
				F3FCC26C1DD1C3FD00C884A9 /* UI */,
				F3FCC2371DD0D2DD00C884A9 /* images */,
				F3FCC22C1DD0BAFF00C884A9 /* base */,
				F3D845151DC07FF2009F6C91 /* AppDelegate.swift */,
				F3D8451C1DC07FF2009F6C91 /* Assets.xcassets */,
				F3D8451E1DC07FF2009F6C91 /* LaunchScreen.storyboard */,
				F3D845211DC07FF2009F6C91 /* Info.plist */,
				F3D018451DD469C500CB7606 /* OCBridgeHeader.h */,
			);
			path = swiftStyle;
			sourceTree = "<group>";
		};
		F3FCC22C1DD0BAFF00C884A9 /* base */ = {
			isa = PBXGroup;
			children = (
				F3FCC22D1DD0BB3600C884A9 /* ZHTabBarController.swift */,
				F3FCC22F1DD0C0BE00C884A9 /* ZHNavigationController.swift */,
				F3FCC2311DD0CA6F00C884A9 /* Extensions.swift */,
				F3FCC2331DD0CAEA00C884A9 /* ConstDefine.swift */,
			);
			name = base;
			sourceTree = "<group>";
		};
		F3FCC2371DD0D2DD00C884A9 /* images */ = {
			isa = PBXGroup;
			children = (
				F39311DA1DDAFD5700D88F48 /* pause.png */,
				F39311DB1DDAFD5700D88F48 /* play.png */,
				F39311D81DDAFC0700D88F48 /* next.png */,
				F39311D61DDAFBFE00D88F48 /* last.png */,
				F39311D01DD9EE9D00D88F48 /* musicBackground.jpg */,
				F39311CC1DD9B60700D88F48 /* 山耳湾.mp3 */,
				F3D0185F1DD5735E00CB7606 /* search.png */,
				F3D0185B1DD4B8DF00CB7606 /* location_no@2x.png */,
				F3D0185C1DD4B8DF00CB7606 /* location_yes@2x.png */,
				F3D018571DD4B0AA00CB7606 /* icon_play.png */,
				F3D018581DD4B0AA00CB7606 /* icon_stop.png */,
				F3D0183D1DD35BF700CB7606 /* text.png */,
				F3D018391DD35BEB00CB7606 /* moon.png */,
				F3D0183A1DD35BEB00CB7606 /* music.png */,
				F3D018351DD35BD700CB7606 /* address.png */,
				F3D018361DD35BD700CB7606 /* camera.png */,
				F3D018331DD3580900CB7606 /* add.png */,
				F3D018311DD355A800CB7606 /* heart.png */,
				F3D018291DD2CEF000CB7606 /* timg.jpeg */,
				F3FCC2641DD1BFF200C884A9 /* tab1.png */,
				F3FCC2651DD1BFF200C884A9 /* tab2.png */,
				F3FCC2661DD1BFF200C884A9 /* tab3.png */,
				F3FCC2671DD1BFF200C884A9 /* tab4.png */,
			);
			path = images;
			sourceTree = "<group>";
		};
		F3FCC26C1DD1C3FD00C884A9 /* UI */ = {
			isa = PBXGroup;
			children = (
				F338C8E71DF68C3400F73FE3 /* Blur */,
				F338C8DF1DF68C2B00F73FE3 /* layout */,
				F338C8E11DF68C2B00F73FE3 /* menu */,
				F338C7661DED8AB600F73FE3 /* Collection */,
				F366B1591DE738DC0079C169 /* Feed */,
				F34E947D1DE1E7A500E556BA /* Refresh */,
				F3D845171DC07FF2009F6C91 /* ViewController.swift */,
			);
			path = UI;
			sourceTree = "<group>";
		};
		F3FCC26E1DD1C40A00C884A9 /* Other */ = {
			isa = PBXGroup;
			children = (
				F37CC0B21E27583F0072B1BF /* TableView */,
				F34E94711DDF3B6400E556BA /* WKWebview */,
				F39311C91DD96DE700D88F48 /* video */,
				F3D018461DD4AB0C00CB7606 /* AMap */,
				F3D018411DD4665D00CB7606 /* OtherViewController.swift */,
			);
			path = Other;
			sourceTree = "<group>";
		};
		F94BB79FCE8040ACBCC8FD83 /* Frameworks */ = {
			isa = PBXGroup;
			children = (
				B5961BF28FD31396B31B2DA2 /* Pods_swiftStyle.framework */,
			);
			name = Frameworks;
			sourceTree = "<group>";
		};
/* End PBXGroup section */

/* Begin PBXNativeTarget section */
		F3D845111DC07FF2009F6C91 /* swiftStyle */ = {
			isa = PBXNativeTarget;
			buildConfigurationList = F3D845241DC07FF2009F6C91 /* Build configuration list for PBXNativeTarget "swiftStyle" */;
			buildPhases = (
				CEA70C81BE0BBB4271A780FD /* [CP] Check Pods Manifest.lock */,
				F3D8450E1DC07FF2009F6C91 /* Sources */,
				F3D8450F1DC07FF2009F6C91 /* Frameworks */,
				F3D845101DC07FF2009F6C91 /* Resources */,
				93B70BDB526DD45E7A5863C0 /* [CP] Embed Pods Frameworks */,
				38A43AA8FABB92E9B9AC48A3 /* [CP] Copy Pods Resources */,
			);
			buildRules = (
			);
			dependencies = (
			);
			name = swiftStyle;
			productName = swiftStyle;
			productReference = F3D845121DC07FF2009F6C91 /* swiftStyle.app */;
			productType = "com.apple.product-type.application";
		};
/* End PBXNativeTarget section */

/* Begin PBXProject section */
		F3D8450A1DC07FF2009F6C91 /* Project object */ = {
			isa = PBXProject;
			attributes = {
				LastSwiftUpdateCheck = 0800;
				LastUpgradeCheck = 0820;
				ORGANIZATIONNAME = "Qing Zhang";
				TargetAttributes = {
					F3D845111DC07FF2009F6C91 = {
						CreatedOnToolsVersion = 8.0;
						DevelopmentTeam = 6UGG7ZZYC4;
						ProvisioningStyle = Automatic;
					};
				};
			};
			buildConfigurationList = F3D8450D1DC07FF2009F6C91 /* Build configuration list for PBXProject "swiftStyle" */;
			compatibilityVersion = "Xcode 3.2";
			developmentRegion = English;
			hasScannedForEncodings = 0;
			knownRegions = (
				en,
				Base,
			);
			mainGroup = F3D845091DC07FF2009F6C91;
			productRefGroup = F3D845131DC07FF2009F6C91 /* Products */;
			projectDirPath = "";
			projectRoot = "";
			targets = (
				F3D845111DC07FF2009F6C91 /* swiftStyle */,
			);
		};
/* End PBXProject section */

/* Begin PBXResourcesBuildPhase section */
		F3D845101DC07FF2009F6C91 /* Resources */ = {
			isa = PBXResourcesBuildPhase;
			buildActionMask = 2147483647;
			files = (
				F338C77F1DEEB28E00F73FE3 /* 8.png in Resources */,
				F338C77D1DEEB28E00F73FE3 /* 6.png in Resources */,
				F3D018381DD35BD700CB7606 /* camera.png in Resources */,
				F338C7801DEEB28E00F73FE3 /* 9.png in Resources */,
				F338C77E1DEEB28E00F73FE3 /* 7.png in Resources */,
				F3D018341DD3580900CB7606 /* add.png in Resources */,
				F39311DC1DDAFD5700D88F48 /* pause.png in Resources */,
				F3D018321DD355A800CB7606 /* heart.png in Resources */,
				F3D018371DD35BD700CB7606 /* address.png in Resources */,
				F366B1771DE77F060079C169 /* sinojerk.png in Resources */,
				F3D0183E1DD35BF700CB7606 /* text.png in Resources */,
				F3FCC2691DD1BFF200C884A9 /* tab2.png in Resources */,
				F366B16F1DE77D560079C169 /* phil.png in Resources */,
				F366B16E1DE77D560079C169 /* forkingdog.png in Resources */,
				F3D0182A1DD2CEF000CB7606 /* timg.jpeg in Resources */,
				F3D018601DD5735E00CB7606 /* search.png in Resources */,
				F338C7771DEEB28E00F73FE3 /* 0.png in Resources */,
				F39311D11DD9EE9D00D88F48 /* musicBackground.jpg in Resources */,
				F3FCC26A1DD1BFF200C884A9 /* tab3.png in Resources */,
				F366B1781DE77F060079C169 /* sunnyxx.png in Resources */,
				F338C7811DEEB28E00F73FE3 /* 10.png in Resources */,
				F338C7791DEEB28E00F73FE3 /* 2.png in Resources */,
				F3D018591DD4B0AA00CB7606 /* icon_play.png in Resources */,
				F3FCC26B1DD1BFF200C884A9 /* tab4.png in Resources */,
				F39311CD1DD9B60700D88F48 /* 山耳湾.mp3 in Resources */,
				F3D0185D1DD4B8DF00CB7606 /* location_no@2x.png in Resources */,
				F338C77A1DEEB28E00F73FE3 /* 3.png in Resources */,
				F366B1631DE740730079C169 /* data.json in Resources */,
				F39311D91DDAFC0700D88F48 /* next.png in Resources */,
				F3D0183B1DD35BEB00CB7606 /* moon.png in Resources */,
				F366B1761DE77F060079C169 /* breaddoge.png in Resources */,
				F366B16C1DE77D560079C169 /* doge.png in Resources */,
				F3D0185A1DD4B0AA00CB7606 /* icon_stop.png in Resources */,
				F338C77B1DEEB28E00F73FE3 /* 4.png in Resources */,
				F3D845201DC07FF2009F6C91 /* LaunchScreen.storyboard in Resources */,
				F338C8F41DF69D1A00F73FE3 /* empty.png in Resources */,
				F366B17C1DE838530079C169 /* sark.png in Resources */,
				F338C77C1DEEB28E00F73FE3 /* 5.png in Resources */,
				F34E947A1DE0C0FD00E556BA /* injection.js in Resources */,
				F3D8451D1DC07FF2009F6C91 /* Assets.xcassets in Resources */,
				F3FCC2681DD1BFF200C884A9 /* tab1.png in Resources */,
				F34E94781DE09C6C00E556BA /* ExampleApp.html in Resources */,
				F39311DD1DDAFD5700D88F48 /* play.png in Resources */,
				F3D0183C1DD35BEB00CB7606 /* music.png in Resources */,
				F3D0185E1DD4B8DF00CB7606 /* location_yes@2x.png in Resources */,
				F39311D71DDAFBFE00D88F48 /* last.png in Resources */,
				F338C7781DEEB28E00F73FE3 /* 1.png in Resources */,
			);
			runOnlyForDeploymentPostprocessing = 0;
		};
/* End PBXResourcesBuildPhase section */

/* Begin PBXShellScriptBuildPhase section */
		38A43AA8FABB92E9B9AC48A3 /* [CP] Copy Pods Resources */ = {
			isa = PBXShellScriptBuildPhase;
			buildActionMask = 2147483647;
			files = (
			);
			inputPaths = (
			);
			name = "[CP] Copy Pods Resources";
			outputPaths = (
			);
			runOnlyForDeploymentPostprocessing = 0;
			shellPath = /bin/sh;
			shellScript = "\"${SRCROOT}/Pods/Target Support Files/Pods-swiftStyle/Pods-swiftStyle-resources.sh\"\n";
			showEnvVarsInLog = 0;
		};
		93B70BDB526DD45E7A5863C0 /* [CP] Embed Pods Frameworks */ = {
			isa = PBXShellScriptBuildPhase;
			buildActionMask = 2147483647;
			files = (
			);
			inputPaths = (
			);
			name = "[CP] Embed Pods Frameworks";
			outputPaths = (
			);
			runOnlyForDeploymentPostprocessing = 0;
			shellPath = /bin/sh;
			shellScript = "\"${SRCROOT}/Pods/Target Support Files/Pods-swiftStyle/Pods-swiftStyle-frameworks.sh\"\n";
			showEnvVarsInLog = 0;
		};
		CEA70C81BE0BBB4271A780FD /* [CP] Check Pods Manifest.lock */ = {
			isa = PBXShellScriptBuildPhase;
			buildActionMask = 2147483647;
			files = (
			);
			inputPaths = (
			);
			name = "[CP] Check Pods Manifest.lock";
			outputPaths = (
			);
			runOnlyForDeploymentPostprocessing = 0;
			shellPath = /bin/sh;
			shellScript = "diff \"${PODS_ROOT}/../Podfile.lock\" \"${PODS_ROOT}/Manifest.lock\" > /dev/null\nif [ $? != 0 ] ; then\n    # print error to STDERR\n    echo \"error: The sandbox is not in sync with the Podfile.lock. Run 'pod install' or update your CocoaPods installation.\" >&2\n    exit 1\nfi\n";
			showEnvVarsInLog = 0;
		};
/* End PBXShellScriptBuildPhase section */

/* Begin PBXSourcesBuildPhase section */
		F3D8450E1DC07FF2009F6C91 /* Sources */ = {
			isa = PBXSourcesBuildPhase;
			buildActionMask = 2147483647;
			files = (
				F3FCC2321DD0CA6F00C884A9 /* Extensions.swift in Sources */,
				F338C7581DE9915E00F73FE3 /* CoreViewController.swift in Sources */,
				F338C76A1DED993A00F73FE3 /* LoopCollectionViewCell.swift in Sources */,
				F37CC0BA1E2762770072B1BF /* IGTableViewBaseCell.swift in Sources */,
				F3D845181DC07FF2009F6C91 /* ViewController.swift in Sources */,
				F338C8F61DF6A30900F73FE3 /* IGTableView.swift in Sources */,
				F3D018521DD4AB0C00CB7606 /* SearchViewController.swift in Sources */,
				F366B14D1DE421DF0079C169 /* BaseViewController.swift in Sources */,
				F3FCC2341DD0CAEA00C884A9 /* ConstDefine.swift in Sources */,
				F37CC0B41E2758B60072B1BF /* IGTableViewSectionObject.swift in Sources */,
				F338C75A1DE991AF00F73FE3 /* HttpClient.swift in Sources */,
				F366B15B1DE738ED0079C169 /* FeedViewController.swift in Sources */,
				F338C7831DEEBD1000F73FE3 /* LineLayout.swift in Sources */,
				F366B1511DE431BB0079C169 /* DefaultRefreshCtrl.swift in Sources */,
				F3D018421DD4665D00CB7606 /* OtherViewController.swift in Sources */,
				F37CC0C31E28DA530072B1BF /* IGTestTableViewDataSource.swift in Sources */,
				F39311CF1DD9EE4100D88F48 /* AudioPlayerViewController.swift in Sources */,
				F37CC0C11E28DA1D0072B1BF /* IGTestViewController.swift in Sources */,
				F34E94731DDF3BB000E556BA /* WkWebViewController.swift in Sources */,
				F366B14F1DE424770079C169 /* BaseRefreshCtrl.swift in Sources */,
				F366B1551DE572B70079C169 /* LoadMoreCtrl.swift in Sources */,
				F3D0184F1DD4AB0C00CB7606 /* MainViewController.swift in Sources */,
				F3D018441DD467F100CB7606 /* AMapViewController.swift in Sources */,
				F3D018511DD4AB0C00CB7606 /* Route.swift in Sources */,
				F366B15F1DE73A720079C169 /* FeedCell.swift in Sources */,
				F338C75C1DE99EF400F73FE3 /* APIService.swift in Sources */,
				F3D018501DD4AB0C00CB7606 /* RecordViewController.swift in Sources */,
				F338C7851DF058C900F73FE3 /* PageViewController.swift in Sources */,
				F338C8EC1DF68C3400F73FE3 /* BeautyController.swift in Sources */,
				F338C8E51DF68C2B00F73FE3 /* MenuContainerView.swift in Sources */,
				F366B1531DE43A310079C169 /* RefreshHeader.swift in Sources */,
				F37CC0B81E275E3B0072B1BF /* IGTableViewDataSource.swift in Sources */,
				F3FCC2301DD0C0BE00C884A9 /* ZHNavigationController.swift in Sources */,
				F3D018541DD4AB0C00CB7606 /* TipView.swift in Sources */,
				F338C8F81DFAABCE00F73FE3 /* Core.swift in Sources */,
				F39311CB1DD96E5500D88F48 /* PlayVideoViewController.swift in Sources */,
				F37CC0BE1E28D2980072B1BF /* IGTableViewController.swift in Sources */,
				F338C8EE1DF68C3400F73FE3 /* GPUViewController.swift in Sources */,
				F338C8F11DF68F6100F73FE3 /* EmptyDataView.swift in Sources */,
				F34E947F1DE1E7A500E556BA /* TableRefreshViewController.swift in Sources */,
				F338C8FA1DFAB62E00F73FE3 /* CoreExtensions.swift in Sources */,
				F3D018561DD4AB5E00CB7606 /* FileHelper.swift in Sources */,
				F3D018531DD4AB0C00CB7606 /* StatusView.swift in Sources */,
				F3D0184E1DD4AB0C00CB7606 /* DisplayViewController.swift in Sources */,
				F338C7551DE9914800F73FE3 /* NetStoreViewController.swift in Sources */,
				F37CC0BC1E2766F00072B1BF /* IGBaseTableView.swift in Sources */,
				F3D845161DC07FF2009F6C91 /* AppDelegate.swift in Sources */,
				F366B1611DE73B180079C169 /* FeedEntity.swift in Sources */,
				F338C8E41DF68C2B00F73FE3 /* LayoutViewController.swift in Sources */,
				F338C7681DED8B1700F73FE3 /* LoopViewController.swift in Sources */,
				F338C8ED1DF68C3400F73FE3 /* GPUImageBlurController.swift in Sources */,
				F338C8E61DF68C2B00F73FE3 /* MenuController.swift in Sources */,
				F37CC0B61E275C550072B1BF /* IGTableViewBaseItem.swift in Sources */,
				F3FCC22E1DD0BB3600C884A9 /* ZHTabBarController.swift in Sources */,
				F338C8EF1DF68C3400F73FE3 /* ImageBlurController.swift in Sources */,
				F37CC0C51E28DA870072B1BF /* IGTestTableViewCell.swift in Sources */,
			);
			runOnlyForDeploymentPostprocessing = 0;
		};
/* End PBXSourcesBuildPhase section */

/* Begin PBXVariantGroup section */
		F3D8451E1DC07FF2009F6C91 /* LaunchScreen.storyboard */ = {
			isa = PBXVariantGroup;
			children = (
				F3D8451F1DC07FF2009F6C91 /* Base */,
			);
			name = LaunchScreen.storyboard;
			sourceTree = "<group>";
		};
/* End PBXVariantGroup section */

/* Begin XCBuildConfiguration section */
		F3D845221DC07FF2009F6C91 /* Debug */ = {
			isa = XCBuildConfiguration;
			buildSettings = {
				ALWAYS_SEARCH_USER_PATHS = NO;
				CLANG_ANALYZER_NONNULL = YES;
				CLANG_CXX_LANGUAGE_STANDARD = "gnu++0x";
				CLANG_CXX_LIBRARY = "libc++";
				CLANG_ENABLE_MODULES = YES;
				CLANG_ENABLE_OBJC_ARC = YES;
				CLANG_WARN_BOOL_CONVERSION = YES;
				CLANG_WARN_CONSTANT_CONVERSION = YES;
				CLANG_WARN_DIRECT_OBJC_ISA_USAGE = YES_ERROR;
				CLANG_WARN_DOCUMENTATION_COMMENTS = YES;
				CLANG_WARN_EMPTY_BODY = YES;
				CLANG_WARN_ENUM_CONVERSION = YES;
				CLANG_WARN_INFINITE_RECURSION = YES;
				CLANG_WARN_INT_CONVERSION = YES;
				CLANG_WARN_OBJC_ROOT_CLASS = YES_ERROR;
				CLANG_WARN_SUSPICIOUS_MOVE = YES;
				CLANG_WARN_SUSPICIOUS_MOVES = YES;
				CLANG_WARN_UNREACHABLE_CODE = YES;
				CLANG_WARN__DUPLICATE_METHOD_MATCH = YES;
				"CODE_SIGN_IDENTITY[sdk=iphoneos*]" = "iPhone Developer";
				COPY_PHASE_STRIP = NO;
				DEBUG_INFORMATION_FORMAT = dwarf;
				ENABLE_STRICT_OBJC_MSGSEND = YES;
				ENABLE_TESTABILITY = YES;
				GCC_C_LANGUAGE_STANDARD = gnu99;
				GCC_DYNAMIC_NO_PIC = NO;
				GCC_NO_COMMON_BLOCKS = YES;
				GCC_OPTIMIZATION_LEVEL = 0;
				GCC_PREPROCESSOR_DEFINITIONS = (
					"DEBUG=1",
					"$(inherited)",
				);
				GCC_WARN_64_TO_32_BIT_CONVERSION = YES;
				GCC_WARN_ABOUT_RETURN_TYPE = YES_ERROR;
				GCC_WARN_UNDECLARED_SELECTOR = YES;
				GCC_WARN_UNINITIALIZED_AUTOS = YES_AGGRESSIVE;
				GCC_WARN_UNUSED_FUNCTION = YES;
				GCC_WARN_UNUSED_VARIABLE = YES;
				IPHONEOS_DEPLOYMENT_TARGET = 10.0;
				LD_RUNPATH_SEARCH_PATHS = "@executable_path/Frameworks";
				MTL_ENABLE_DEBUG_INFO = YES;
				ONLY_ACTIVE_ARCH = YES;
				SDKROOT = iphoneos;
				SWIFT_ACTIVE_COMPILATION_CONDITIONS = DEBUG;
				SWIFT_OPTIMIZATION_LEVEL = "-Onone";
			};
			name = Debug;
		};
		F3D845231DC07FF2009F6C91 /* Release */ = {
			isa = XCBuildConfiguration;
			buildSettings = {
				ALWAYS_SEARCH_USER_PATHS = NO;
				CLANG_ANALYZER_NONNULL = YES;
				CLANG_CXX_LANGUAGE_STANDARD = "gnu++0x";
				CLANG_CXX_LIBRARY = "libc++";
				CLANG_ENABLE_MODULES = YES;
				CLANG_ENABLE_OBJC_ARC = YES;
				CLANG_WARN_BOOL_CONVERSION = YES;
				CLANG_WARN_CONSTANT_CONVERSION = YES;
				CLANG_WARN_DIRECT_OBJC_ISA_USAGE = YES_ERROR;
				CLANG_WARN_DOCUMENTATION_COMMENTS = YES;
				CLANG_WARN_EMPTY_BODY = YES;
				CLANG_WARN_ENUM_CONVERSION = YES;
				CLANG_WARN_INFINITE_RECURSION = YES;
				CLANG_WARN_INT_CONVERSION = YES;
				CLANG_WARN_OBJC_ROOT_CLASS = YES_ERROR;
				CLANG_WARN_SUSPICIOUS_MOVE = YES;
				CLANG_WARN_SUSPICIOUS_MOVES = YES;
				CLANG_WARN_UNREACHABLE_CODE = YES;
				CLANG_WARN__DUPLICATE_METHOD_MATCH = YES;
				"CODE_SIGN_IDENTITY[sdk=iphoneos*]" = "iPhone Developer";
				COPY_PHASE_STRIP = NO;
				DEBUG_INFORMATION_FORMAT = "dwarf-with-dsym";
				ENABLE_NS_ASSERTIONS = NO;
				ENABLE_STRICT_OBJC_MSGSEND = YES;
				GCC_C_LANGUAGE_STANDARD = gnu99;
				GCC_NO_COMMON_BLOCKS = YES;
				GCC_WARN_64_TO_32_BIT_CONVERSION = YES;
				GCC_WARN_ABOUT_RETURN_TYPE = YES_ERROR;
				GCC_WARN_UNDECLARED_SELECTOR = YES;
				GCC_WARN_UNINITIALIZED_AUTOS = YES_AGGRESSIVE;
				GCC_WARN_UNUSED_FUNCTION = YES;
				GCC_WARN_UNUSED_VARIABLE = YES;
				IPHONEOS_DEPLOYMENT_TARGET = 10.0;
				LD_RUNPATH_SEARCH_PATHS = "@executable_path/Frameworks";
				MTL_ENABLE_DEBUG_INFO = NO;
				SDKROOT = iphoneos;
				SWIFT_OPTIMIZATION_LEVEL = "-Owholemodule";
				VALIDATE_PRODUCT = YES;
			};
			name = Release;
		};
		F3D845251DC07FF2009F6C91 /* Debug */ = {
			isa = XCBuildConfiguration;
			baseConfigurationReference = F9FC3623CD033454E8EC05D4 /* Pods-swiftStyle.debug.xcconfig */;
			buildSettings = {
				ALWAYS_EMBED_SWIFT_STANDARD_LIBRARIES = YES;
				ASSETCATALOG_COMPILER_APPICON_NAME = AppIcon;
				"CODE_SIGN_IDENTITY[sdk=iphoneos*]" = "iPhone Developer";
				DEVELOPMENT_TEAM = 6UGG7ZZYC4;
				FRAMEWORK_SEARCH_PATHS = (
					"$(inherited)",
					"$(PROJECT_DIR)/swiftStyle/thirdParty",
				);
				INFOPLIST_FILE = swiftStyle/Info.plist;
				LD_RUNPATH_SEARCH_PATHS = "$(inherited) @executable_path/Frameworks";
				PRODUCT_BUNDLE_IDENTIFIER = zhing.swiftStyle;
				PRODUCT_NAME = "$(TARGET_NAME)";
				SWIFT_OBJC_BRIDGING_HEADER = swiftStyle/OCBridgeHeader.h;
				SWIFT_VERSION = 3.0;
			};
			name = Debug;
		};
		F3D845261DC07FF2009F6C91 /* Release */ = {
			isa = XCBuildConfiguration;
			baseConfigurationReference = F3D895D2B2B518469D4381D4 /* Pods-swiftStyle.release.xcconfig */;
			buildSettings = {
				ALWAYS_EMBED_SWIFT_STANDARD_LIBRARIES = YES;
				ASSETCATALOG_COMPILER_APPICON_NAME = AppIcon;
				"CODE_SIGN_IDENTITY[sdk=iphoneos*]" = "iPhone Developer";
				DEVELOPMENT_TEAM = 6UGG7ZZYC4;
				FRAMEWORK_SEARCH_PATHS = (
					"$(inherited)",
					"$(PROJECT_DIR)/swiftStyle/thirdParty",
				);
				INFOPLIST_FILE = swiftStyle/Info.plist;
				LD_RUNPATH_SEARCH_PATHS = "$(inherited) @executable_path/Frameworks";
				PRODUCT_BUNDLE_IDENTIFIER = zhing.swiftStyle;
				PRODUCT_NAME = "$(TARGET_NAME)";
				SWIFT_OBJC_BRIDGING_HEADER = swiftStyle/OCBridgeHeader.h;
				SWIFT_VERSION = 3.0;
			};
			name = Release;
		};
/* End XCBuildConfiguration section */

/* Begin XCConfigurationList section */
		F3D8450D1DC07FF2009F6C91 /* Build configuration list for PBXProject "swiftStyle" */ = {
			isa = XCConfigurationList;
			buildConfigurations = (
				F3D845221DC07FF2009F6C91 /* Debug */,
				F3D845231DC07FF2009F6C91 /* Release */,
			);
			defaultConfigurationIsVisible = 0;
			defaultConfigurationName = Release;
		};
		F3D845241DC07FF2009F6C91 /* Build configuration list for PBXNativeTarget "swiftStyle" */ = {
			isa = XCConfigurationList;
			buildConfigurations = (
				F3D845251DC07FF2009F6C91 /* Debug */,
				F3D845261DC07FF2009F6C91 /* Release */,
			);
			defaultConfigurationIsVisible = 0;
			defaultConfigurationName = Release;
		};
/* End XCConfigurationList section */
	};
	rootObject = F3D8450A1DC07FF2009F6C91 /* Project object */;
}
